
Microsoft Visual Studio Solution File, Format Version 12.00
# Visual Studio Version 17
VisualStudioVersion = 17.3.32922.545
MinimumVisualStudioVersion = 10.0.40219.1
Project("{FAE04EC0-301F-11D3-BF4B-00C04F79EFBC}") = "ToDo", "ToDo\ToDo.csproj", "{62B59B9A-EC2A-4FF8-BCDE-6F7E46B87583}"
EndProject
Global
	GlobalSection(SolutionConfigurationPlatforms) = preSolution
		Debug|Any CPU = Debug|Any CPU
		Release|Any CPU = Release|Any CPU
	EndGlobalSection
	GlobalSection(ProjectConfigurationPlatforms) = postSolution
		{62B59B9A-EC2A-4FF8-BCDE-6F7E46B87583}.Debug|Any CPU.ActiveCfg = Debug|Any CPU
		{62B59B9A-EC2A-4FF8-BCDE-6F7E46B87583}.Debug|Any CPU.Build.0 = Debug|Any CPU
		{62B59B9A-EC2A-4FF8-BCDE-6F7E46B87583}.Release|Any CPU.ActiveCfg = Release|Any CPU
		{62B59B9A-EC2A-4FF8-BCDE-6F7E46B87583}.Release|Any CPU.Build.0 = Release|Any CPU
	EndGlobalSection
	GlobalSection(SolutionProperties) = preSolution
		HideSolutionNode = FALSE
	EndGlobalSection
	GlobalSection(ExtensibilityGlobals) = postSolution
		SolutionGuid = {585E1321-ED3D-44DA-A532-06F2B864A999}
	EndGlobalSection
EndGlobal
